
Microsoft Visual Studio Solution File, Format Version 12.00
# Visual Studio Version 17
VisualStudioVersion = 17.6.33712.159
MinimumVisualStudioVersion = 10.0.40219.1
Project("{FAE04EC0-301F-11D3-BF4B-00C04F79EFBC}") = "Proyecto-Integrador-Programacion-I", "Proyecto-Integrador-Programacion-I.csproj", "{BCCC427A-FCC7-4D67-B1A5-8C1BB8E449E6}"
EndProject
Global
	GlobalSection(SolutionConfigurationPlatforms) = preSolution
		Debug|Any CPU = Debug|Any CPU
		Release|Any CPU = Release|Any CPU
	EndGlobalSection
	GlobalSection(ProjectConfigurationPlatforms) = postSolution
		{BCCC427A-FCC7-4D67-B1A5-8C1BB8E449E6}.Debug|Any CPU.ActiveCfg = Debug|Any CPU
		{BCCC427A-FCC7-4D67-B1A5-8C1BB8E449E6}.Debug|Any CPU.Build.0 = Debug|Any CPU
		{BCCC427A-FCC7-4D67-B1A5-8C1BB8E449E6}.Release|Any CPU.ActiveCfg = Release|Any CPU
		{BCCC427A-FCC7-4D67-B1A5-8C1BB8E449E6}.Release|Any CPU.Build.0 = Release|Any CPU
	EndGlobalSection
	GlobalSection(SolutionProperties) = preSolution
		HideSolutionNode = FALSE
	EndGlobalSection
	GlobalSection(ExtensibilityGlobals) = postSolution
		SolutionGuid = {7F8FEEDA-58FB-4D1B-A458-6E9662AACCD2}
	EndGlobalSection
EndGlobal
